
Microsoft Visual Studio Solution File, Format Version 12.00
# Visual Studio Version 17
VisualStudioVersion = 17.4.33205.214
MinimumVisualStudioVersion = 10.0.40219.1
Project("{FAE04EC0-301F-11D3-BF4B-00C04F79EFBC}") = "Proje_Hastane", "Proje_Hastane\Proje_Hastane.csproj", "{23B6E9C6-8505-4E78-9658-D3F5FE76301E}"
EndProject
Global
	GlobalSection(SolutionConfigurationPlatforms) = preSolution
		Debug|Any CPU = Debug|Any CPU
		Release|Any CPU = Release|Any CPU
	EndGlobalSection
	GlobalSection(ProjectConfigurationPlatforms) = postSolution
		{23B6E9C6-8505-4E78-9658-D3F5FE76301E}.Debug|Any CPU.ActiveCfg = Debug|Any CPU
		{23B6E9C6-8505-4E78-9658-D3F5FE76301E}.Debug|Any CPU.Build.0 = Debug|Any CPU
		{23B6E9C6-8505-4E78-9658-D3F5FE76301E}.Release|Any CPU.ActiveCfg = Release|Any CPU
		{23B6E9C6-8505-4E78-9658-D3F5FE76301E}.Release|Any CPU.Build.0 = Release|Any CPU
	EndGlobalSection
	GlobalSection(SolutionProperties) = preSolution
		HideSolutionNode = FALSE
	EndGlobalSection
	GlobalSection(ExtensibilityGlobals) = postSolution
		SolutionGuid = {76E99E6E-82B5-4235-9C2B-190215ACB890}
	EndGlobalSection
EndGlobal
